
Microsoft Visual Studio Solution File, Format Version 12.00
# Visual Studio Version 16
VisualStudioVersion = 16.0.32901.82
MinimumVisualStudioVersion = 10.0.40219.1
Project("{F184B08F-C81C-45F6-A57F-5ABD9991F28F}") = "Koperasi 2", "Koperasi 2\Koperasi 2.vbproj", "{E970AAC9-FEC8-4A58-9DBC-281C9B81CD0A}"
EndProject
Global
	GlobalSection(SolutionConfigurationPlatforms) = preSolution
		Debug|Any CPU = Debug|Any CPU
		Release|Any CPU = Release|Any CPU
	EndGlobalSection
	GlobalSection(ProjectConfigurationPlatforms) = postSolution
		{E970AAC9-FEC8-4A58-9DBC-281C9B81CD0A}.Debug|Any CPU.ActiveCfg = Debug|Any CPU
		{E970AAC9-FEC8-4A58-9DBC-281C9B81CD0A}.Debug|Any CPU.Build.0 = Debug|Any CPU
		{E970AAC9-FEC8-4A58-9DBC-281C9B81CD0A}.Release|Any CPU.ActiveCfg = Release|Any CPU
		{E970AAC9-FEC8-4A58-9DBC-281C9B81CD0A}.Release|Any CPU.Build.0 = Release|Any CPU
	EndGlobalSection
	GlobalSection(SolutionProperties) = preSolution
		HideSolutionNode = FALSE
	EndGlobalSection
	GlobalSection(ExtensibilityGlobals) = postSolution
		SolutionGuid = {4C865BF2-08AE-4E33-9462-14BCBD44D856}
	EndGlobalSection
EndGlobal
