
Microsoft Visual Studio Solution File, Format Version 12.00
# Visual Studio Version 16
VisualStudioVersion = 16.0.32901.82
MinimumVisualStudioVersion = 10.0.40219.1
Project("{F184B08F-C81C-45F6-A57F-5ABD9991F28F}") = "ReminderRifki", "ReminderRifki\ReminderRifki.vbproj", "{42F1A693-203B-4154-976F-2AD442924558}"
EndProject
Global
	GlobalSection(SolutionConfigurationPlatforms) = preSolution
		Debug|Any CPU = Debug|Any CPU
		Release|Any CPU = Release|Any CPU
	EndGlobalSection
	GlobalSection(ProjectConfigurationPlatforms) = postSolution
		{42F1A693-203B-4154-976F-2AD442924558}.Debug|Any CPU.ActiveCfg = Debug|Any CPU
		{42F1A693-203B-4154-976F-2AD442924558}.Debug|Any CPU.Build.0 = Debug|Any CPU
		{42F1A693-203B-4154-976F-2AD442924558}.Release|Any CPU.ActiveCfg = Release|Any CPU
		{42F1A693-203B-4154-976F-2AD442924558}.Release|Any CPU.Build.0 = Release|Any CPU
	EndGlobalSection
	GlobalSection(SolutionProperties) = preSolution
		HideSolutionNode = FALSE
	EndGlobalSection
	GlobalSection(ExtensibilityGlobals) = postSolution
		SolutionGuid = {D1ABFFE6-E9AA-432E-A224-1DF3261BBA0B}
	EndGlobalSection
EndGlobal
